
Microsoft Visual Studio Solution File, Format Version 12.00
# Visual Studio Version 17
VisualStudioVersion = 17.7.34018.315
MinimumVisualStudioVersion = 10.0.40219.1
Project("{FAE04EC0-301F-11D3-BF4B-00C04F79EFBC}") = "EmenuProduct", "EmenuProduct\EmenuProduct.csproj", "{47B0CA69-876B-4D9C-9C10-93C291A6E01D}"
EndProject
Global
	GlobalSection(SolutionConfigurationPlatforms) = preSolution
		Debug|Any CPU = Debug|Any CPU
		Release|Any CPU = Release|Any CPU
	EndGlobalSection
	GlobalSection(ProjectConfigurationPlatforms) = postSolution
		{47B0CA69-876B-4D9C-9C10-93C291A6E01D}.Debug|Any CPU.ActiveCfg = Debug|Any CPU
		{47B0CA69-876B-4D9C-9C10-93C291A6E01D}.Debug|Any CPU.Build.0 = Debug|Any CPU
		{47B0CA69-876B-4D9C-9C10-93C291A6E01D}.Release|Any CPU.ActiveCfg = Release|Any CPU
		{47B0CA69-876B-4D9C-9C10-93C291A6E01D}.Release|Any CPU.Build.0 = Release|Any CPU
	EndGlobalSection
	GlobalSection(SolutionProperties) = preSolution
		HideSolutionNode = FALSE
	EndGlobalSection
	GlobalSection(ExtensibilityGlobals) = postSolution
		SolutionGuid = {7A8CC612-CB4C-4506-9B7F-3B530EFD8DD6}
	EndGlobalSection
EndGlobal
